
Microsoft Visual Studio Solution File, Format Version 12.00
# Visual Studio Version 17
VisualStudioVersion = 17.5.002.0
MinimumVisualStudioVersion = 10.0.40219.1
Project("{9A19103F-16F7-4668-BE54-9A1E7A4F7556}") = "wa-todolist-backend", "wa-todolist-backend.csproj", "{ABB8A386-F605-4882-920B-A37DBA15BF03}"
EndProject
Global
	GlobalSection(SolutionConfigurationPlatforms) = preSolution
		Debug|Any CPU = Debug|Any CPU
		Release|Any CPU = Release|Any CPU
	EndGlobalSection
	GlobalSection(ProjectConfigurationPlatforms) = postSolution
		{ABB8A386-F605-4882-920B-A37DBA15BF03}.Debug|Any CPU.ActiveCfg = Debug|Any CPU
		{ABB8A386-F605-4882-920B-A37DBA15BF03}.Debug|Any CPU.Build.0 = Debug|Any CPU
		{ABB8A386-F605-4882-920B-A37DBA15BF03}.Release|Any CPU.ActiveCfg = Release|Any CPU
		{ABB8A386-F605-4882-920B-A37DBA15BF03}.Release|Any CPU.Build.0 = Release|Any CPU
	EndGlobalSection
	GlobalSection(SolutionProperties) = preSolution
		HideSolutionNode = FALSE
	EndGlobalSection
	GlobalSection(ExtensibilityGlobals) = postSolution
		SolutionGuid = {92BF84EA-F1BC-4539-B701-3F01590E8E28}
	EndGlobalSection
EndGlobal
